// !$*UTF8*$!
{
	archiveVersion = 1;
	classes = {
	};
	objectVersion = 54;
	objects = {

/* Begin PBXBuildFile section */
		0C80B921A6F3F58F76C31292 /* libPods-LAI.a in Frameworks */ = {isa = PBXBuildFile; fileRef = 5DCACB8F33CDC322A6C60F78 /* libPods-LAI.a */; };
		13B07FBF1A68108700A75B9A /* Images.xcassets in Resources */ = {isa = PBXBuildFile; fileRef = 13B07FB51A68108700A75B9A /* Images.xcassets */; };
		4DAE466E2F4C4C5600C13F76 /* merges.txt in Resources */ = {isa = PBXBuildFile; fileRef = 4DAE465E2F4C4C5600C13F76 /* merges.txt */; };
		4DAE466F2F4C4C5600C13F76 /* tokenizer.json in Resources */ = {isa = PBXBuildFile; fileRef = 4DAE46642F4C4C5600C13F76 /* tokenizer.json */; };
		4DAE46702F4C4C5600C13F76 /* preprocessor_config.json in Resources */ = {isa = PBXBuildFile; fileRef = 4DAE46612F4C4C5600C13F76 /* preprocessor_config.json */; };
		4DAE46712F4C4C5600C13F76 /* processor_config.json in Resources */ = {isa = PBXBuildFile; fileRef = 4DAE46622F4C4C5600C13F76 /* processor_config.json */; };
		4DAE46722F4C4C5600C13F76 /* model.safetensors in Resources */ = {isa = PBXBuildFile; fileRef = 4DAE465F2F4C4C5600C13F76 /* model.safetensors */; };
		4DAE46732F4C4C5600C13F76 /* model.safetensors.index.json in Resources */ = {isa = PBXBuildFile; fileRef = 4DAE46602F4C4C5600C13F76 /* model.safetensors.index.json */; };
		4DAE46742F4C4C5600C13F76 /* tokenizer_config.json in Resources */ = {isa = PBXBuildFile; fileRef = 4DAE46652F4C4C5600C13F76 /* tokenizer_config.json */; };
		4DAE46752F4C4C5600C13F76 /* vocab.json in Resources */ = {isa = PBXBuildFile; fileRef = 4DAE46662F4C4C5600C13F76 /* vocab.json */; };
		4DAE46762F4C4C5600C13F76 /* config.json in Resources */ = {isa = PBXBuildFile; fileRef = 4DAE465C2F4C4C5600C13F76 /* config.json */; };
		4DAE46772F4C4C5600C13F76 /* special_tokens_map.json in Resources */ = {isa = PBXBuildFile; fileRef = 4DAE46632F4C4C5600C13F76 /* special_tokens_map.json */; };
		4DAE46782F4C4C5600C13F76 /* added_tokens.json in Resources */ = {isa = PBXBuildFile; fileRef = 4DAE465B2F4C4C5600C13F76 /* added_tokens.json */; };
		4DAE46792F4C4C5600C13F76 /* fastvithd.mlpackage in Sources */ = {isa = PBXBuildFile; fileRef = 4DAE465D2F4C4C5600C13F76 /* fastvithd.mlpackage */; };
		4DAE467A2F4C4C5600C13F76 /* MediaProcessingExtensions.swift in Sources */ = {isa = PBXBuildFile; fileRef = 4DAE466A2F4C4C5600C13F76 /* MediaProcessingExtensions.swift */; };
		4DAE467B2F4C4C5600C13F76 /* FastVLM.swift in Sources */ = {isa = PBXBuildFile; fileRef = 4DAE46692F4C4C5600C13F76 /* FastVLM.swift */; };
		4DAE467C2F4C4C5600C13F76 /* FastVLMModule.m in Sources */ = {isa = PBXBuildFile; fileRef = 4DAE466C2F4C4C5600C13F76 /* FastVLMModule.m */; };
		4DAE467D2F4C4C5600C13F76 /* FastVLMModule.swift in Sources */ = {isa = PBXBuildFile; fileRef = 4DAE466D2F4C4C5600C13F76 /* FastVLMModule.swift */; };
		4DAE46822F4C4E0F00C13F76 /* ComplexModule in Frameworks */ = {isa = PBXBuildFile; productRef = 4DAE46812F4C4E0F00C13F76 /* ComplexModule */; };
		4DAE46842F4C4E0F00C13F76 /* Numerics in Frameworks */ = {isa = PBXBuildFile; productRef = 4DAE46832F4C4E0F00C13F76 /* Numerics */; };
		4DAE46862F4C4E0F00C13F76 /* RealModule in Frameworks */ = {isa = PBXBuildFile; productRef = 4DAE46852F4C4E0F00C13F76 /* RealModule */; };
		4DAE468B2F4C50F500C13F76 /* Transformers in Frameworks */ = {isa = PBXBuildFile; productRef = 4DAE468A2F4C50F500C13F76 /* Transformers */; };
		4DC540672F4C547F003DF7A8 /* MLX in Frameworks */ = {isa = PBXBuildFile; productRef = 4DC540662F4C547F003DF7A8 /* MLX */; };
		4DC540692F4C547F003DF7A8 /* MLXFast in Frameworks */ = {isa = PBXBuildFile; productRef = 4DC540682F4C547F003DF7A8 /* MLXFast */; };
		4DC5406B2F4C547F003DF7A8 /* MLXFFT in Frameworks */ = {isa = PBXBuildFile; productRef = 4DC5406A2F4C547F003DF7A8 /* MLXFFT */; };
		4DC5406D2F4C547F003DF7A8 /* MLXLinalg in Frameworks */ = {isa = PBXBuildFile; productRef = 4DC5406C2F4C547F003DF7A8 /* MLXLinalg */; };
		4DC5406F2F4C547F003DF7A8 /* MLXNN in Frameworks */ = {isa = PBXBuildFile; productRef = 4DC5406E2F4C547F003DF7A8 /* MLXNN */; };
		4DC540712F4C547F003DF7A8 /* MLXOptimizers in Frameworks */ = {isa = PBXBuildFile; productRef = 4DC540702F4C547F003DF7A8 /* MLXOptimizers */; };
		4DC540732F4C547F003DF7A8 /* MLXRandom in Frameworks */ = {isa = PBXBuildFile; productRef = 4DC540722F4C547F003DF7A8 /* MLXRandom */; };
		4DC540752F4C547F003DF7A8 /* MLXEmbedders in Frameworks */ = {isa = PBXBuildFile; productRef = 4DC540742F4C547F003DF7A8 /* MLXEmbedders */; };
		4DC540772F4C547F003DF7A8 /* MLXLLM in Frameworks */ = {isa = PBXBuildFile; productRef = 4DC540762F4C547F003DF7A8 /* MLXLLM */; };
		4DC540792F4C547F003DF7A8 /* MLXLMCommon in Frameworks */ = {isa = PBXBuildFile; productRef = 4DC540782F4C547F003DF7A8 /* MLXLMCommon */; };
		4DC5407B2F4C547F003DF7A8 /* MLXMNIST in Frameworks */ = {isa = PBXBuildFile; productRef = 4DC5407A2F4C547F003DF7A8 /* MLXMNIST */; };
		4DC5407D2F4C547F003DF7A8 /* MLXVLM in Frameworks */ = {isa = PBXBuildFile; productRef = 4DC5407C2F4C547F003DF7A8 /* MLXVLM */; };
		761780ED2CA45674006654EE /* AppDelegate.swift in Sources */ = {isa = PBXBuildFile; fileRef = 761780EC2CA45674006654EE /* AppDelegate.swift */; };
		81AB9BB82411601600AC10FF /* LaunchScreen.storyboard in Resources */ = {isa = PBXBuildFile; fileRef = 81AB9BB72411601600AC10FF /* LaunchScreen.storyboard */; };
		A6EF85DA2BC9712F8B49335D /* PrivacyInfo.xcprivacy in Resources */ = {isa = PBXBuildFile; fileRef = 13B07FB81A68108700A75B9A /* PrivacyInfo.xcprivacy */; };
/* End PBXBuildFile section */

/* Begin PBXFileReference section */
		13B07F961A680F5B00A75B9A /* LAI.app */ = {isa = PBXFileReference; explicitFileType = wrapper.application; includeInIndex = 0; path = LAI.app; sourceTree = BUILT_PRODUCTS_DIR; };
		13B07FB51A68108700A75B9A /* Images.xcassets */ = {isa = PBXFileReference; lastKnownFileType = folder.assetcatalog; name = Images.xcassets; path = LAI/Images.xcassets; sourceTree = "<group>"; };
		13B07FB61A68108700A75B9A /* Info.plist */ = {isa = PBXFileReference; fileEncoding = 4; lastKnownFileType = text.plist.xml; name = Info.plist; path = LAI/Info.plist; sourceTree = "<group>"; };
		13B07FB81A68108700A75B9A /* PrivacyInfo.xcprivacy */ = {isa = PBXFileReference; fileEncoding = 4; lastKnownFileType = text.plist.xml; name = PrivacyInfo.xcprivacy; path = LAI/PrivacyInfo.xcprivacy; sourceTree = "<group>"; };
		3B4392A12AC88292D35C810B /* Pods-LAI.debug.xcconfig */ = {isa = PBXFileReference; includeInIndex = 1; lastKnownFileType = text.xcconfig; name = "Pods-LAI.debug.xcconfig"; path = "Target Support Files/Pods-LAI/Pods-LAI.debug.xcconfig"; sourceTree = "<group>"; };
		4DAE465B2F4C4C5600C13F76 /* added_tokens.json */ = {isa = PBXFileReference; lastKnownFileType = text.json; path = added_tokens.json; sourceTree = "<group>"; };
		4DAE465C2F4C4C5600C13F76 /* config.json */ = {isa = PBXFileReference; lastKnownFileType = text.json; path = config.json; sourceTree = "<group>"; };
		4DAE465D2F4C4C5600C13F76 /* fastvithd.mlpackage */ = {isa = PBXFileReference; lastKnownFileType = folder.mlpackage; path = fastvithd.mlpackage; sourceTree = "<group>"; };
		4DAE465E2F4C4C5600C13F76 /* merges.txt */ = {isa = PBXFileReference; lastKnownFileType = text; path = merges.txt; sourceTree = "<group>"; };
		4DAE465F2F4C4C5600C13F76 /* model.safetensors */ = {isa = PBXFileReference; lastKnownFileType = file; path = model.safetensors; sourceTree = "<group>"; };
		4DAE46602F4C4C5600C13F76 /* model.safetensors.index.json */ = {isa = PBXFileReference; lastKnownFileType = text.json; path = model.safetensors.index.json; sourceTree = "<group>"; };
		4DAE46612F4C4C5600C13F76 /* preprocessor_config.json */ = {isa = PBXFileReference; lastKnownFileType = text.json; path = preprocessor_config.json; sourceTree = "<group>"; };
		4DAE46622F4C4C5600C13F76 /* processor_config.json */ = {isa = PBXFileReference; lastKnownFileType = text.json; path = processor_config.json; sourceTree = "<group>"; };
		4DAE46632F4C4C5600C13F76 /* special_tokens_map.json */ = {isa = PBXFileReference; lastKnownFileType = text.json; path = special_tokens_map.json; sourceTree = "<group>"; };
		4DAE46642F4C4C5600C13F76 /* tokenizer.json */ = {isa = PBXFileReference; lastKnownFileType = text.json; path = tokenizer.json; sourceTree = "<group>"; };
		4DAE46652F4C4C5600C13F76 /* tokenizer_config.json */ = {isa = PBXFileReference; lastKnownFileType = text.json; path = tokenizer_config.json; sourceTree = "<group>"; };
		4DAE46662F4C4C5600C13F76 /* vocab.json */ = {isa = PBXFileReference; lastKnownFileType = text.json; path = vocab.json; sourceTree = "<group>"; };
		4DAE46682F4C4C5600C13F76 /* FastVLM.h */ = {isa = PBXFileReference; lastKnownFileType = sourcecode.c.h; path = FastVLM.h; sourceTree = "<group>"; };
		4DAE46692F4C4C5600C13F76 /* FastVLM.swift */ = {isa = PBXFileReference; lastKnownFileType = sourcecode.swift; path = FastVLM.swift; sourceTree = "<group>"; };
		4DAE466A2F4C4C5600C13F76 /* MediaProcessingExtensions.swift */ = {isa = PBXFileReference; lastKnownFileType = sourcecode.swift; path = MediaProcessingExtensions.swift; sourceTree = "<group>"; };
		4DAE466C2F4C4C5600C13F76 /* FastVLMModule.m */ = {isa = PBXFileReference; lastKnownFileType = sourcecode.c.objc; path = FastVLMModule.m; sourceTree = "<group>"; };
		4DAE466D2F4C4C5600C13F76 /* FastVLMModule.swift */ = {isa = PBXFileReference; lastKnownFileType = sourcecode.swift; path = FastVLMModule.swift; sourceTree = "<group>"; };
		4DAE467E2F4C4C5700C13F76 /* LAI-Bridging-Header.h */ = {isa = PBXFileReference; lastKnownFileType = sourcecode.c.h; path = "LAI-Bridging-Header.h"; sourceTree = "<group>"; };
		5709B34CF0A7D63546082F79 /* Pods-LAI.release.xcconfig */ = {isa = PBXFileReference; includeInIndex = 1; lastKnownFileType = text.xcconfig; name = "Pods-LAI.release.xcconfig"; path = "Target Support Files/Pods-LAI/Pods-LAI.release.xcconfig"; sourceTree = "<group>"; };
		5DCACB8F33CDC322A6C60F78 /* libPods-LAI.a */ = {isa = PBXFileReference; explicitFileType = archive.ar; includeInIndex = 0; path = "libPods-LAI.a"; sourceTree = BUILT_PRODUCTS_DIR; };
		761780EC2CA45674006654EE /* AppDelegate.swift */ = {isa = PBXFileReference; lastKnownFileType = sourcecode.swift; name = AppDelegate.swift; path = LAI/AppDelegate.swift; sourceTree = "<group>"; };
		81AB9BB72411601600AC10FF /* LaunchScreen.storyboard */ = {isa = PBXFileReference; fileEncoding = 4; lastKnownFileType = file.storyboard; name = LaunchScreen.storyboard; path = LAI/LaunchScreen.storyboard; sourceTree = "<group>"; };
		ED297162215061F000B7C4FE /* JavaScriptCore.framework */ = {isa = PBXFileReference; lastKnownFileType = wrapper.framework; name = JavaScriptCore.framework; path = System/Library/Frameworks/JavaScriptCore.framework; sourceTree = SDKROOT; };
/* End PBXFileReference section */

/* Begin PBXFrameworksBuildPhase section */
		13B07F8C1A680F5B00A75B9A /* Frameworks */ = {
			isa = PBXFrameworksBuildPhase;
			buildActionMask = 2147483647;
			files = (
				4DC540772F4C547F003DF7A8 /* MLXLLM in Frameworks */,
				4DC540672F4C547F003DF7A8 /* MLX in Frameworks */,
				4DC540752F4C547F003DF7A8 /* MLXEmbedders in Frameworks */,
				4DAE46862F4C4E0F00C13F76 /* RealModule in Frameworks */,
				4DC5407B2F4C547F003DF7A8 /* MLXMNIST in Frameworks */,
				0C80B921A6F3F58F76C31292 /* libPods-LAI.a in Frameworks */,
				4DAE468B2F4C50F500C13F76 /* Transformers in Frameworks */,
				4DC540692F4C547F003DF7A8 /* MLXFast in Frameworks */,
				4DAE46842F4C4E0F00C13F76 /* Numerics in Frameworks */,
				4DC540712F4C547F003DF7A8 /* MLXOptimizers in Frameworks */,
				4DC540732F4C547F003DF7A8 /* MLXRandom in Frameworks */,
				4DC540792F4C547F003DF7A8 /* MLXLMCommon in Frameworks */,
				4DC5407D2F4C547F003DF7A8 /* MLXVLM in Frameworks */,
				4DAE46822F4C4E0F00C13F76 /* ComplexModule in Frameworks */,
				4DC5406D2F4C547F003DF7A8 /* MLXLinalg in Frameworks */,
				4DC5406F2F4C547F003DF7A8 /* MLXNN in Frameworks */,
				4DC5406B2F4C547F003DF7A8 /* MLXFFT in Frameworks */,
			);
			runOnlyForDeploymentPostprocessing = 0;
		};
/* End PBXFrameworksBuildPhase section */

/* Begin PBXGroup section */
		13B07FAE1A68108700A75B9A /* LAI */ = {
			isa = PBXGroup;
			children = (
				4DAE466B2F4C4C5600C13F76 /* FastVLM */,
				4DAE466C2F4C4C5600C13F76 /* FastVLMModule.m */,
				4DAE466D2F4C4C5600C13F76 /* FastVLMModule.swift */,
				13B07FB51A68108700A75B9A /* Images.xcassets */,
				761780EC2CA45674006654EE /* AppDelegate.swift */,
				13B07FB61A68108700A75B9A /* Info.plist */,
				81AB9BB72411601600AC10FF /* LaunchScreen.storyboard */,
				13B07FB81A68108700A75B9A /* PrivacyInfo.xcprivacy */,
				4DAE467E2F4C4C5700C13F76 /* LAI-Bridging-Header.h */,
			);
			name = LAI;
			sourceTree = "<group>";
		};
		2D16E6871FA4F8E400B85C8A /* Frameworks */ = {
			isa = PBXGroup;
			children = (
				ED297162215061F000B7C4FE /* JavaScriptCore.framework */,
				5DCACB8F33CDC322A6C60F78 /* libPods-LAI.a */,
			);
			name = Frameworks;
			sourceTree = "<group>";
		};
		4DAE46672F4C4C5600C13F76 /* model */ = {
			isa = PBXGroup;
			children = (
				4DAE465B2F4C4C5600C13F76 /* added_tokens.json */,
				4DAE465C2F4C4C5600C13F76 /* config.json */,
				4DAE465D2F4C4C5600C13F76 /* fastvithd.mlpackage */,
				4DAE465E2F4C4C5600C13F76 /* merges.txt */,
				4DAE465F2F4C4C5600C13F76 /* model.safetensors */,
				4DAE46602F4C4C5600C13F76 /* model.safetensors.index.json */,
				4DAE46612F4C4C5600C13F76 /* preprocessor_config.json */,
				4DAE46622F4C4C5600C13F76 /* processor_config.json */,
				4DAE46632F4C4C5600C13F76 /* special_tokens_map.json */,
				4DAE46642F4C4C5600C13F76 /* tokenizer.json */,
				4DAE46652F4C4C5600C13F76 /* tokenizer_config.json */,
				4DAE46662F4C4C5600C13F76 /* vocab.json */,
			);
			path = model;
			sourceTree = "<group>";
		};
		4DAE466B2F4C4C5600C13F76 /* FastVLM */ = {
			isa = PBXGroup;
			children = (
				4DAE46672F4C4C5600C13F76 /* model */,
				4DAE46682F4C4C5600C13F76 /* FastVLM.h */,
				4DAE46692F4C4C5600C13F76 /* FastVLM.swift */,
				4DAE466A2F4C4C5600C13F76 /* MediaProcessingExtensions.swift */,
			);
			path = FastVLM;
			sourceTree = "<group>";
		};
		832341AE1AAA6A7D00B99B32 /* Libraries */ = {
			isa = PBXGroup;
			children = (
			);
			name = Libraries;
			sourceTree = "<group>";
		};
		83CBB9F61A601CBA00E9B192 = {
			isa = PBXGroup;
			children = (
				13B07FAE1A68108700A75B9A /* LAI */,
				832341AE1AAA6A7D00B99B32 /* Libraries */,
				83CBBA001A601CBA00E9B192 /* Products */,
				2D16E6871FA4F8E400B85C8A /* Frameworks */,
				BBD78D7AC51CEA395F1C20DB /* Pods */,
			);
			indentWidth = 2;
			sourceTree = "<group>";
			tabWidth = 2;
			usesTabs = 0;
		};
		83CBBA001A601CBA00E9B192 /* Products */ = {
			isa = PBXGroup;
			children = (
				13B07F961A680F5B00A75B9A /* LAI.app */,
			);
			name = Products;
			sourceTree = "<group>";
		};
		BBD78D7AC51CEA395F1C20DB /* Pods */ = {
			isa = PBXGroup;
			children = (
				3B4392A12AC88292D35C810B /* Pods-LAI.debug.xcconfig */,
				5709B34CF0A7D63546082F79 /* Pods-LAI.release.xcconfig */,
			);
			path = Pods;
			sourceTree = "<group>";
		};
/* End PBXGroup section */

/* Begin PBXNativeTarget section */
		13B07F861A680F5B00A75B9A /* LAI */ = {
			isa = PBXNativeTarget;
			buildConfigurationList = 13B07F931A680F5B00A75B9A /* Build configuration list for PBXNativeTarget "LAI" */;
			buildPhases = (
				C38B50BA6285516D6DCD4F65 /* [CP] Check Pods Manifest.lock */,
				13B07F871A680F5B00A75B9A /* Sources */,
				13B07F8C1A680F5B00A75B9A /* Frameworks */,
				13B07F8E1A680F5B00A75B9A /* Resources */,
				00DD1BFF1BD5951E006B06BC /* Bundle React Native code and images */,
				00EEFC60759A1932668264C0 /* [CP] Embed Pods Frameworks */,
				E235C05ADACE081382539298 /* [CP] Copy Pods Resources */,
			);
			buildRules = (
			);
			dependencies = (
			);
			name = LAI;
			productName = LAI;
			productReference = 13B07F961A680F5B00A75B9A /* LAI.app */;
			productType = "com.apple.product-type.application";
		};
/* End PBXNativeTarget section */

/* Begin PBXProject section */
		83CBB9F71A601CBA00E9B192 /* Project object */ = {
			isa = PBXProject;
			attributes = {
				KnownAssetTags = (
					New,
				);
				LastUpgradeCheck = 1210;
				TargetAttributes = {
					13B07F861A680F5B00A75B9A = {
						LastSwiftMigration = 2620;
					};
				};
			};
			buildConfigurationList = 83CBB9FA1A601CBA00E9B192 /* Build configuration list for PBXProject "LAI" */;
			compatibilityVersion = "Xcode 12.0";
			developmentRegion = en;
			hasScannedForEncodings = 0;
			knownRegions = (
				en,
				Base,
			);
			mainGroup = 83CBB9F61A601CBA00E9B192;
			packageReferences = (
				4DAE46882F4C4FFC00C13F76 /* XCRemoteSwiftPackageReference "mlx-swift" */,
				4DAE46892F4C50F500C13F76 /* XCRemoteSwiftPackageReference "swift-transformers" */,
				4DAE468C2F4C513200C13F76 /* XCRemoteSwiftPackageReference "mlx-swift-examples" */,
			);
			productRefGroup = 83CBBA001A601CBA00E9B192 /* Products */;
			projectDirPath = "";
			projectRoot = "";
			targets = (
				13B07F861A680F5B00A75B9A /* LAI */,
			);
		};
/* End PBXProject section */

/* Begin PBXResourcesBuildPhase section */
		13B07F8E1A680F5B00A75B9A /* Resources */ = {
			isa = PBXResourcesBuildPhase;
			buildActionMask = 2147483647;
			files = (
				81AB9BB82411601600AC10FF /* LaunchScreen.storyboard in Resources */,
				13B07FBF1A68108700A75B9A /* Images.xcassets in Resources */,
				4DAE466E2F4C4C5600C13F76 /* merges.txt in Resources */,
				4DAE466F2F4C4C5600C13F76 /* tokenizer.json in Resources */,
				4DAE46702F4C4C5600C13F76 /* preprocessor_config.json in Resources */,
				4DAE46712F4C4C5600C13F76 /* processor_config.json in Resources */,
				4DAE46722F4C4C5600C13F76 /* model.safetensors in Resources */,
				4DAE46732F4C4C5600C13F76 /* model.safetensors.index.json in Resources */,
				4DAE46742F4C4C5600C13F76 /* tokenizer_config.json in Resources */,
				4DAE46752F4C4C5600C13F76 /* vocab.json in Resources */,
				4DAE46762F4C4C5600C13F76 /* config.json in Resources */,
				4DAE46772F4C4C5600C13F76 /* special_tokens_map.json in Resources */,
				4DAE46782F4C4C5600C13F76 /* added_tokens.json in Resources */,
				A6EF85DA2BC9712F8B49335D /* PrivacyInfo.xcprivacy in Resources */,
			);
			runOnlyForDeploymentPostprocessing = 0;
		};
/* End PBXResourcesBuildPhase section */

/* Begin PBXShellScriptBuildPhase section */
		00DD1BFF1BD5951E006B06BC /* Bundle React Native code and images */ = {
			isa = PBXShellScriptBuildPhase;
			buildActionMask = 2147483647;
			files = (
			);
			inputPaths = (
				"$(SRCROOT)/.xcode.env.local",
				"$(SRCROOT)/.xcode.env",
			);
			name = "Bundle React Native code and images";
			outputPaths = (
			);
			runOnlyForDeploymentPostprocessing = 0;
			shellPath = /bin/sh;
			shellScript = "set -e\n\nWITH_ENVIRONMENT=\"$REACT_NATIVE_PATH/scripts/xcode/with-environment.sh\"\nREACT_NATIVE_XCODE=\"$REACT_NATIVE_PATH/scripts/react-native-xcode.sh\"\n\n/bin/sh -c \"$WITH_ENVIRONMENT $REACT_NATIVE_XCODE\"\n";
		};
		00EEFC60759A1932668264C0 /* [CP] Embed Pods Frameworks */ = {
			isa = PBXShellScriptBuildPhase;
			buildActionMask = 2147483647;
			files = (
			);
			inputFileListPaths = (
				"${PODS_ROOT}/Target Support Files/Pods-LAI/Pods-LAI-frameworks-${CONFIGURATION}-input-files.xcfilelist",
			);
			name = "[CP] Embed Pods Frameworks";
			outputFileListPaths = (
				"${PODS_ROOT}/Target Support Files/Pods-LAI/Pods-LAI-frameworks-${CONFIGURATION}-output-files.xcfilelist",
			);
			runOnlyForDeploymentPostprocessing = 0;
			shellPath = /bin/sh;
			shellScript = "\"${PODS_ROOT}/Target Support Files/Pods-LAI/Pods-LAI-frameworks.sh\"\n";
			showEnvVarsInLog = 0;
		};
		C38B50BA6285516D6DCD4F65 /* [CP] Check Pods Manifest.lock */ = {
			isa = PBXShellScriptBuildPhase;
			buildActionMask = 2147483647;
			files = (
			);
			inputFileListPaths = (
			);
			inputPaths = (
				"${PODS_PODFILE_DIR_PATH}/Podfile.lock",
				"${PODS_ROOT}/Manifest.lock",
			);
			name = "[CP] Check Pods Manifest.lock";
			outputFileListPaths = (
			);
			outputPaths = (
				"$(DERIVED_FILE_DIR)/Pods-LAI-checkManifestLockResult.txt",
			);
			runOnlyForDeploymentPostprocessing = 0;
			shellPath = /bin/sh;
			shellScript = "diff \"${PODS_PODFILE_DIR_PATH}/Podfile.lock\" \"${PODS_ROOT}/Manifest.lock\" > /dev/null\nif [ $? != 0 ] ; then\n    # print error to STDERR\n    echo \"error: The sandbox is not in sync with the Podfile.lock. Run 'pod install' or update your CocoaPods installation.\" >&2\n    exit 1\nfi\n# This output is used by Xcode 'outputs' to avoid re-running this script phase.\necho \"SUCCESS\" > \"${SCRIPT_OUTPUT_FILE_0}\"\n";
			showEnvVarsInLog = 0;
		};
		E235C05ADACE081382539298 /* [CP] Copy Pods Resources */ = {
			isa = PBXShellScriptBuildPhase;
			buildActionMask = 2147483647;
			files = (
			);
			inputFileListPaths = (
				"${PODS_ROOT}/Target Support Files/Pods-LAI/Pods-LAI-resources-${CONFIGURATION}-input-files.xcfilelist",
			);
			name = "[CP] Copy Pods Resources";
			outputFileListPaths = (
				"${PODS_ROOT}/Target Support Files/Pods-LAI/Pods-LAI-resources-${CONFIGURATION}-output-files.xcfilelist",
			);
			runOnlyForDeploymentPostprocessing = 0;
			shellPath = /bin/sh;
			shellScript = "\"${PODS_ROOT}/Target Support Files/Pods-LAI/Pods-LAI-resources.sh\"\n";
			showEnvVarsInLog = 0;
		};
/* End PBXShellScriptBuildPhase section */

/* Begin PBXSourcesBuildPhase section */
		13B07F871A680F5B00A75B9A /* Sources */ = {
			isa = PBXSourcesBuildPhase;
			buildActionMask = 2147483647;
			files = (
				761780ED2CA45674006654EE /* AppDelegate.swift in Sources */,
				4DAE46792F4C4C5600C13F76 /* fastvithd.mlpackage in Sources */,
				4DAE467A2F4C4C5600C13F76 /* MediaProcessingExtensions.swift in Sources */,
				4DAE467B2F4C4C5600C13F76 /* FastVLM.swift in Sources */,
				4DAE467C2F4C4C5600C13F76 /* FastVLMModule.m in Sources */,
				4DAE467D2F4C4C5600C13F76 /* FastVLMModule.swift in Sources */,
			);
			runOnlyForDeploymentPostprocessing = 0;
		};
/* End PBXSourcesBuildPhase section */

/* Begin XCBuildConfiguration section */
		13B07F941A680F5B00A75B9A /* Debug */ = {
			isa = XCBuildConfiguration;
			baseConfigurationReference = 3B4392A12AC88292D35C810B /* Pods-LAI.debug.xcconfig */;
			buildSettings = {
				ASSETCATALOG_COMPILER_APPICON_NAME = AppIcon;
				CLANG_ENABLE_MODULES = YES;
				CURRENT_PROJECT_VERSION = 1;
				DEFINES_MODULE = YES;
				DEVELOPMENT_TEAM = F3G3LP4437;
				ENABLE_BITCODE = NO;
				INFOPLIST_FILE = LAI/Info.plist;
				INFOPLIST_KEY_LSApplicationCategoryType = "public.app-category.utilities";
				IPHONEOS_DEPLOYMENT_TARGET = 18.2;
				LD_RUNPATH_SEARCH_PATHS = (
					"$(inherited)",
					"@executable_path/Frameworks",
				);
				MARKETING_VERSION = 1.0;
				OTHER_LDFLAGS = (
					"$(inherited)",
					"-ObjC",
					"-lc++",
				);
				PRODUCT_BUNDLE_IDENTIFIER = "org.reactjs.native.example.$(PRODUCT_NAME:rfc1034identifier)";
				PRODUCT_NAME = LAI;
				SUPPORTED_PLATFORMS = "iphoneos iphonesimulator";
				SUPPORTS_MACCATALYST = NO;
				SUPPORTS_MAC_DESIGNED_FOR_IPHONE_IPAD = NO;
				SUPPORTS_XR_DESIGNED_FOR_IPHONE_IPAD = NO;
				SWIFT_OBJC_BRIDGING_HEADER = "LAI-Bridging-Header.h";
				SWIFT_OPTIMIZATION_LEVEL = "-Onone";
				SWIFT_VERSION = 5.0;
				TARGETED_DEVICE_FAMILY = 1;
				VERSIONING_SYSTEM = "apple-generic";
			};
			name = Debug;
		};
		13B07F951A680F5B00A75B9A /* Release */ = {
			isa = XCBuildConfiguration;
			baseConfigurationReference = 5709B34CF0A7D63546082F79 /* Pods-LAI.release.xcconfig */;
			buildSettings = {
				ASSETCATALOG_COMPILER_APPICON_NAME = AppIcon;
				CLANG_ENABLE_MODULES = YES;
				CURRENT_PROJECT_VERSION = 1;
				DEFINES_MODULE = YES;
				DEVELOPMENT_TEAM = F3G3LP4437;
				INFOPLIST_FILE = LAI/Info.plist;
				INFOPLIST_KEY_LSApplicationCategoryType = "public.app-category.utilities";
				IPHONEOS_DEPLOYMENT_TARGET = 18.2;
				LD_RUNPATH_SEARCH_PATHS = (
					"$(inherited)",
					"@executable_path/Frameworks",
				);
				MARKETING_VERSION = 1.0;
				OTHER_LDFLAGS = (
					"$(inherited)",
					"-ObjC",
					"-lc++",
				);
				PRODUCT_BUNDLE_IDENTIFIER = "org.reactjs.native.example.$(PRODUCT_NAME:rfc1034identifier)";
				PRODUCT_NAME = LAI;
				SUPPORTED_PLATFORMS = "iphoneos iphonesimulator";
				SUPPORTS_MACCATALYST = NO;
				SUPPORTS_MAC_DESIGNED_FOR_IPHONE_IPAD = NO;
				SUPPORTS_XR_DESIGNED_FOR_IPHONE_IPAD = NO;
				SWIFT_OBJC_BRIDGING_HEADER = "LAI-Bridging-Header.h";
				SWIFT_VERSION = 5.0;
				TARGETED_DEVICE_FAMILY = 1;
				VERSIONING_SYSTEM = "apple-generic";
			};
			name = Release;
		};
		83CBBA201A601CBA00E9B192 /* Debug */ = {
			isa = XCBuildConfiguration;
			buildSettings = {
				ALWAYS_SEARCH_USER_PATHS = NO;
				CLANG_ANALYZER_LOCALIZABILITY_NONLOCALIZED = YES;
				CLANG_CXX_LANGUAGE_STANDARD = "c++20";
				CLANG_CXX_LIBRARY = "libc++";
				CLANG_ENABLE_MODULES = YES;
				CLANG_ENABLE_OBJC_ARC = YES;
				CLANG_WARN_BLOCK_CAPTURE_AUTORELEASING = YES;
				CLANG_WARN_BOOL_CONVERSION = YES;
				CLANG_WARN_COMMA = YES;
				CLANG_WARN_CONSTANT_CONVERSION = YES;
				CLANG_WARN_DEPRECATED_OBJC_IMPLEMENTATIONS = YES;
				CLANG_WARN_DIRECT_OBJC_ISA_USAGE = YES_ERROR;
				CLANG_WARN_EMPTY_BODY = YES;
				CLANG_WARN_ENUM_CONVERSION = YES;
				CLANG_WARN_INFINITE_RECURSION = YES;
				CLANG_WARN_INT_CONVERSION = YES;
				CLANG_WARN_NON_LITERAL_NULL_CONVERSION = YES;
				CLANG_WARN_OBJC_IMPLICIT_RETAIN_SELF = YES;
				CLANG_WARN_OBJC_LITERAL_CONVERSION = YES;
				CLANG_WARN_OBJC_ROOT_CLASS = YES_ERROR;
				CLANG_WARN_QUOTED_INCLUDE_IN_FRAMEWORK_HEADER = YES;
				CLANG_WARN_RANGE_LOOP_ANALYSIS = YES;
				CLANG_WARN_STRICT_PROTOTYPES = YES;
				CLANG_WARN_SUSPICIOUS_MOVE = YES;
				CLANG_WARN_UNREACHABLE_CODE = YES;
				CLANG_WARN__DUPLICATE_METHOD_MATCH = YES;
				"CODE_SIGN_IDENTITY[sdk=iphoneos*]" = "iPhone Developer";
				COPY_PHASE_STRIP = NO;
				ENABLE_STRICT_OBJC_MSGSEND = YES;
				ENABLE_TESTABILITY = YES;
				"EXCLUDED_ARCHS[sdk=iphonesimulator*]" = "";
				GCC_C_LANGUAGE_STANDARD = gnu99;
				GCC_DYNAMIC_NO_PIC = NO;
				GCC_NO_COMMON_BLOCKS = YES;
				GCC_OPTIMIZATION_LEVEL = 0;
				GCC_PREPROCESSOR_DEFINITIONS = (
					"DEBUG=1",
					"$(inherited)",
				);
				GCC_SYMBOLS_PRIVATE_EXTERN = NO;
				GCC_WARN_64_TO_32_BIT_CONVERSION = YES;
				GCC_WARN_ABOUT_RETURN_TYPE = YES_ERROR;
				GCC_WARN_UNDECLARED_SELECTOR = YES;
				GCC_WARN_UNINITIALIZED_AUTOS = YES_AGGRESSIVE;
				GCC_WARN_UNUSED_FUNCTION = YES;
				GCC_WARN_UNUSED_VARIABLE = YES;
				IPHONEOS_DEPLOYMENT_TARGET = 15.1;
				LD_RUNPATH_SEARCH_PATHS = (
					/usr/lib/swift,
					"$(inherited)",
				);
				LIBRARY_SEARCH_PATHS = (
					"\"$(SDKROOT)/usr/lib/swift\"",
					"\"$(TOOLCHAIN_DIR)/usr/lib/swift/$(PLATFORM_NAME)\"",
					"\"$(inherited)\"",
				);
				MTL_ENABLE_DEBUG_INFO = YES;
				ONLY_ACTIVE_ARCH = YES;
				OTHER_CPLUSPLUSFLAGS = (
					"$(OTHER_CFLAGS)",
					"-DFOLLY_NO_CONFIG",
					"-DFOLLY_MOBILE=1",
					"-DFOLLY_USE_LIBCPP=1",
					"-DFOLLY_CFG_NO_COROUTINES=1",
					"-DFOLLY_HAVE_CLOCK_GETTIME=1",
				);
				REACT_NATIVE_PATH = "${PODS_ROOT}/../../node_modules/react-native";
				SDKROOT = iphoneos;
				SWIFT_ACTIVE_COMPILATION_CONDITIONS = "$(inherited) DEBUG";
				USE_HERMES = true;
			};
			name = Debug;
		};
		83CBBA211A601CBA00E9B192 /* Release */ = {
			isa = XCBuildConfiguration;
			buildSettings = {
				ALWAYS_SEARCH_USER_PATHS = NO;
				CLANG_ANALYZER_LOCALIZABILITY_NONLOCALIZED = YES;
				CLANG_CXX_LANGUAGE_STANDARD = "c++20";
				CLANG_CXX_LIBRARY = "libc++";
				CLANG_ENABLE_MODULES = YES;
				CLANG_ENABLE_OBJC_ARC = YES;
				CLANG_WARN_BLOCK_CAPTURE_AUTORELEASING = YES;
				CLANG_WARN_BOOL_CONVERSION = YES;
				CLANG_WARN_COMMA = YES;
				CLANG_WARN_CONSTANT_CONVERSION = YES;
				CLANG_WARN_DEPRECATED_OBJC_IMPLEMENTATIONS = YES;
				CLANG_WARN_DIRECT_OBJC_ISA_USAGE = YES_ERROR;
				CLANG_WARN_EMPTY_BODY = YES;
				CLANG_WARN_ENUM_CONVERSION = YES;
				CLANG_WARN_INFINITE_RECURSION = YES;
				CLANG_WARN_INT_CONVERSION = YES;
				CLANG_WARN_NON_LITERAL_NULL_CONVERSION = YES;
				CLANG_WARN_OBJC_IMPLICIT_RETAIN_SELF = YES;
				CLANG_WARN_OBJC_LITERAL_CONVERSION = YES;
				CLANG_WARN_OBJC_ROOT_CLASS = YES_ERROR;
				CLANG_WARN_QUOTED_INCLUDE_IN_FRAMEWORK_HEADER = YES;
				CLANG_WARN_RANGE_LOOP_ANALYSIS = YES;
				CLANG_WARN_STRICT_PROTOTYPES = YES;
				CLANG_WARN_SUSPICIOUS_MOVE = YES;
				CLANG_WARN_UNREACHABLE_CODE = YES;
				CLANG_WARN__DUPLICATE_METHOD_MATCH = YES;
				"CODE_SIGN_IDENTITY[sdk=iphoneos*]" = "iPhone Developer";
				COPY_PHASE_STRIP = YES;
				ENABLE_NS_ASSERTIONS = NO;
				ENABLE_STRICT_OBJC_MSGSEND = YES;
				"EXCLUDED_ARCHS[sdk=iphonesimulator*]" = "";
				GCC_C_LANGUAGE_STANDARD = gnu99;
				GCC_NO_COMMON_BLOCKS = YES;
				GCC_WARN_64_TO_32_BIT_CONVERSION = YES;
				GCC_WARN_ABOUT_RETURN_TYPE = YES_ERROR;
				GCC_WARN_UNDECLARED_SELECTOR = YES;
				GCC_WARN_UNINITIALIZED_AUTOS = YES_AGGRESSIVE;
				GCC_WARN_UNUSED_FUNCTION = YES;
				GCC_WARN_UNUSED_VARIABLE = YES;
				IPHONEOS_DEPLOYMENT_TARGET = 15.1;
				LD_RUNPATH_SEARCH_PATHS = (
					/usr/lib/swift,
					"$(inherited)",
				);
				LIBRARY_SEARCH_PATHS = (
					"\"$(SDKROOT)/usr/lib/swift\"",
					"\"$(TOOLCHAIN_DIR)/usr/lib/swift/$(PLATFORM_NAME)\"",
					"\"$(inherited)\"",
				);
				MTL_ENABLE_DEBUG_INFO = NO;
				OTHER_CPLUSPLUSFLAGS = (
					"$(OTHER_CFLAGS)",
					"-DFOLLY_NO_CONFIG",
					"-DFOLLY_MOBILE=1",
					"-DFOLLY_USE_LIBCPP=1",
					"-DFOLLY_CFG_NO_COROUTINES=1",
					"-DFOLLY_HAVE_CLOCK_GETTIME=1",
				);
				REACT_NATIVE_PATH = "${PODS_ROOT}/../../node_modules/react-native";
				SDKROOT = iphoneos;
				USE_HERMES = true;
				VALIDATE_PRODUCT = YES;
			};
			name = Release;
		};
/* End XCBuildConfiguration section */

/* Begin XCConfigurationList section */
		13B07F931A680F5B00A75B9A /* Build configuration list for PBXNativeTarget "LAI" */ = {
			isa = XCConfigurationList;
			buildConfigurations = (
				13B07F941A680F5B00A75B9A /* Debug */,
				13B07F951A680F5B00A75B9A /* Release */,
			);
			defaultConfigurationIsVisible = 0;
			defaultConfigurationName = Release;
		};
		83CBB9FA1A601CBA00E9B192 /* Build configuration list for PBXProject "LAI" */ = {
			isa = XCConfigurationList;
			buildConfigurations = (
				83CBBA201A601CBA00E9B192 /* Debug */,
				83CBBA211A601CBA00E9B192 /* Release */,
			);
			defaultConfigurationIsVisible = 0;
			defaultConfigurationName = Release;
		};
/* End XCConfigurationList section */

/* Begin XCRemoteSwiftPackageReference section */
		4DAE46802F4C4E0F00C13F76 /* XCRemoteSwiftPackageReference "swift-numerics" */ = {
			isa = XCRemoteSwiftPackageReference;
			repositoryURL = "https://github.com/apple/swift-numerics.git";
			requirement = {
				kind = upToNextMajorVersion;
				minimumVersion = 1.1.1;
			};
		};
		4DAE46882F4C4FFC00C13F76 /* XCRemoteSwiftPackageReference "mlx-swift" */ = {
			isa = XCRemoteSwiftPackageReference;
			repositoryURL = "https://github.com/ml-explore/mlx-swift";
			requirement = {
				kind = exactVersion;
				version = 0.25.6;
			};
		};
		4DAE46892F4C50F500C13F76 /* XCRemoteSwiftPackageReference "swift-transformers" */ = {
			isa = XCRemoteSwiftPackageReference;
			repositoryURL = "https://github.com/huggingface/swift-transformers";
			requirement = {
				kind = exactVersion;
				version = 0.1.24;
			};
		};
		4DAE468C2F4C513200C13F76 /* XCRemoteSwiftPackageReference "mlx-swift-examples" */ = {
			isa = XCRemoteSwiftPackageReference;
			repositoryURL = "https://github.com/ml-explore/mlx-swift-examples";
			requirement = {
				kind = upToNextMajorVersion;
				minimumVersion = 2.21.2;
			};
		};
/* End XCRemoteSwiftPackageReference section */

/* Begin XCSwiftPackageProductDependency section */
		4DAE46812F4C4E0F00C13F76 /* ComplexModule */ = {
			isa = XCSwiftPackageProductDependency;
			package = 4DAE46802F4C4E0F00C13F76 /* XCRemoteSwiftPackageReference "swift-numerics" */;
			productName = ComplexModule;
		};
		4DAE46832F4C4E0F00C13F76 /* Numerics */ = {
			isa = XCSwiftPackageProductDependency;
			package = 4DAE46802F4C4E0F00C13F76 /* XCRemoteSwiftPackageReference "swift-numerics" */;
			productName = Numerics;
		};
		4DAE46852F4C4E0F00C13F76 /* RealModule */ = {
			isa = XCSwiftPackageProductDependency;
			package = 4DAE46802F4C4E0F00C13F76 /* XCRemoteSwiftPackageReference "swift-numerics" */;
			productName = RealModule;
		};
		4DAE468A2F4C50F500C13F76 /* Transformers */ = {
			isa = XCSwiftPackageProductDependency;
			package = 4DAE46892F4C50F500C13F76 /* XCRemoteSwiftPackageReference "swift-transformers" */;
			productName = Transformers;
		};
		4DC540662F4C547F003DF7A8 /* MLX */ = {
			isa = XCSwiftPackageProductDependency;
			package = 4DAE46882F4C4FFC00C13F76 /* XCRemoteSwiftPackageReference "mlx-swift" */;
			productName = MLX;
		};
		4DC540682F4C547F003DF7A8 /* MLXFast */ = {
			isa = XCSwiftPackageProductDependency;
			package = 4DAE46882F4C4FFC00C13F76 /* XCRemoteSwiftPackageReference "mlx-swift" */;
			productName = MLXFast;
		};
		4DC5406A2F4C547F003DF7A8 /* MLXFFT */ = {
			isa = XCSwiftPackageProductDependency;
			package = 4DAE46882F4C4FFC00C13F76 /* XCRemoteSwiftPackageReference "mlx-swift" */;
			productName = MLXFFT;
		};
		4DC5406C2F4C547F003DF7A8 /* MLXLinalg */ = {
			isa = XCSwiftPackageProductDependency;
			package = 4DAE46882F4C4FFC00C13F76 /* XCRemoteSwiftPackageReference "mlx-swift" */;
			productName = MLXLinalg;
		};
		4DC5406E2F4C547F003DF7A8 /* MLXNN */ = {
			isa = XCSwiftPackageProductDependency;
			package = 4DAE46882F4C4FFC00C13F76 /* XCRemoteSwiftPackageReference "mlx-swift" */;
			productName = MLXNN;
		};
		4DC540702F4C547F003DF7A8 /* MLXOptimizers */ = {
			isa = XCSwiftPackageProductDependency;
			package = 4DAE46882F4C4FFC00C13F76 /* XCRemoteSwiftPackageReference "mlx-swift" */;
			productName = MLXOptimizers;
		};
		4DC540722F4C547F003DF7A8 /* MLXRandom */ = {
			isa = XCSwiftPackageProductDependency;
			package = 4DAE46882F4C4FFC00C13F76 /* XCRemoteSwiftPackageReference "mlx-swift" */;
			productName = MLXRandom;
		};
		4DC540742F4C547F003DF7A8 /* MLXEmbedders */ = {
			isa = XCSwiftPackageProductDependency;
			package = 4DAE468C2F4C513200C13F76 /* XCRemoteSwiftPackageReference "mlx-swift-examples" */;
			productName = MLXEmbedders;
		};
		4DC540762F4C547F003DF7A8 /* MLXLLM */ = {
			isa = XCSwiftPackageProductDependency;
			package = 4DAE468C2F4C513200C13F76 /* XCRemoteSwiftPackageReference "mlx-swift-examples" */;
			productName = MLXLLM;
		};
		4DC540782F4C547F003DF7A8 /* MLXLMCommon */ = {
			isa = XCSwiftPackageProductDependency;
			package = 4DAE468C2F4C513200C13F76 /* XCRemoteSwiftPackageReference "mlx-swift-examples" */;
			productName = MLXLMCommon;
		};
		4DC5407A2F4C547F003DF7A8 /* MLXMNIST */ = {
			isa = XCSwiftPackageProductDependency;
			package = 4DAE468C2F4C513200C13F76 /* XCRemoteSwiftPackageReference "mlx-swift-examples" */;
			productName = MLXMNIST;
		};
		4DC5407C2F4C547F003DF7A8 /* MLXVLM */ = {
			isa = XCSwiftPackageProductDependency;
			package = 4DAE468C2F4C513200C13F76 /* XCRemoteSwiftPackageReference "mlx-swift-examples" */;
			productName = MLXVLM;
		};
/* End XCSwiftPackageProductDependency section */
	};
	rootObject = 83CBB9F71A601CBA00E9B192 /* Project object */;
}
